{
  "originHash" : "3612f38c16a190c644f850fe4dec945731ec707c712b1ee2a506ac8b05fe1f26",
  "pins" : [
    {
      "identity" : "settings",
      "kind" : "remoteSourceControl",
      "location" : "https://github.com/sindresorhus/Settings",
      "state" : {
        "revision" : "f41475771f65379ca10852c95119a7f53f0de5a5",
        "version" : "3.1.2"
      }
    },
    {
      "identity" : "sweetcookiekit",
      "kind" : "remoteSourceControl",
      "location" : "https://github.com/steipete/SweetCookieKit",
      "state" : {
        "revision" : "aa9fbefd7d4fb6335a3cd71fd6210f9a35535185",
        "version" : "0.5.3"
      }
    }
  ],
  "version" : 3
}
